
Microsoft Visual Studio Solution File, Format Version 12.00
# Visual Studio Version 17
VisualStudioVersion = 17.8.34330.188
MinimumVisualStudioVersion = 10.0.40219.1
Project("{9A19103F-16F7-4668-BE54-9A1E7A4F7556}") = "ExplicandoInjecaoDependencias", "ConsoleApp1\ExplicandoInjecaoDependencias.csproj", "{6F7480D0-B391-4BAA-8FEA-5896B4084CB8}"
EndProject
Global
	GlobalSection(SolutionConfigurationPlatforms) = preSolution
		Debug|Any CPU = Debug|Any CPU
		Release|Any CPU = Release|Any CPU
	EndGlobalSection
	GlobalSection(ProjectConfigurationPlatforms) = postSolution
		{6F7480D0-B391-4BAA-8FEA-5896B4084CB8}.Debug|Any CPU.ActiveCfg = Debug|Any CPU
		{6F7480D0-B391-4BAA-8FEA-5896B4084CB8}.Debug|Any CPU.Build.0 = Debug|Any CPU
		{6F7480D0-B391-4BAA-8FEA-5896B4084CB8}.Release|Any CPU.ActiveCfg = Release|Any CPU
		{6F7480D0-B391-4BAA-8FEA-5896B4084CB8}.Release|Any CPU.Build.0 = Release|Any CPU
	EndGlobalSection
	GlobalSection(SolutionProperties) = preSolution
		HideSolutionNode = FALSE
	EndGlobalSection
	GlobalSection(ExtensibilityGlobals) = postSolution
		SolutionGuid = {76ECE22A-9EE3-4408-83AE-21F6755526B4}
	EndGlobalSection
EndGlobal
